
Microsoft Visual Studio Solution File, Format Version 12.00
# Visual Studio 15
VisualStudioVersion = 15.0.26228.9
MinimumVisualStudioVersion = 10.0.40219.1
Project("{FAE04EC0-301F-11D3-BF4B-00C04F79EFBC}") = "XF.Recursos.Android", "XF.Recursos\XF.Recursos.Android\XF.Recursos.Android.csproj", "{BA138C2B-E3BB-4BF2-9138-570799B55A98}"
EndProject
Project("{FAE04EC0-301F-11D3-BF4B-00C04F79EFBC}") = "XF.Recursos", "XF.Recursos\XF.Recursos\XF.Recursos.csproj", "{D5FE04F0-2009-4C51-BD03-3595BF1209D9}"
EndProject
Project("{FAE04EC0-301F-11D3-BF4B-00C04F79EFBC}") = "XF.Recursos.UWP", "XF.Recursos\XF.Recursos.UWP\XF.Recursos.UWP.csproj", "{5CCF5D57-F7CC-4B97-BC3A-991A0853F6B5}"
EndProject
Project("{FAE04EC0-301F-11D3-BF4B-00C04F79EFBC}") = "XF.Recursos.iOS", "XF.Recursos\XF.Recursos.iOS\XF.Recursos.iOS.csproj", "{B59BF4C0-9280-4679-BBB6-4F56CD4A5E61}"
EndProject
Global
	GlobalSection(SolutionConfigurationPlatforms) = preSolution
		Ad-Hoc|Any CPU = Ad-Hoc|Any CPU
		Ad-Hoc|ARM = Ad-Hoc|ARM
		Ad-Hoc|iPhone = Ad-Hoc|iPhone
		Ad-Hoc|iPhoneSimulator = Ad-Hoc|iPhoneSimulator
		Ad-Hoc|x64 = Ad-Hoc|x64
		Ad-Hoc|x86 = Ad-Hoc|x86
		AppStore|Any CPU = AppStore|Any CPU
		AppStore|ARM = AppStore|ARM
		AppStore|iPhone = AppStore|iPhone
		AppStore|iPhoneSimulator = AppStore|iPhoneSimulator
		AppStore|x64 = AppStore|x64
		AppStore|x86 = AppStore|x86
		Debug|Any CPU = Debug|Any CPU
		Debug|ARM = Debug|ARM
		Debug|iPhone = Debug|iPhone
		Debug|iPhoneSimulator = Debug|iPhoneSimulator
		Debug|x64 = Debug|x64
		Debug|x86 = Debug|x86
		Release|Any CPU = Release|Any CPU
		Release|ARM = Release|ARM
		Release|iPhone = Release|iPhone
		Release|iPhoneSimulator = Release|iPhoneSimulator
		Release|x64 = Release|x64
		Release|x86 = Release|x86
	EndGlobalSection
	GlobalSection(ProjectConfigurationPlatforms) = postSolution
		{BA138C2B-E3BB-4BF2-9138-570799B55A98}.Ad-Hoc|Any CPU.ActiveCfg = Release|Any CPU
		{BA138C2B-E3BB-4BF2-9138-570799B55A98}.Ad-Hoc|Any CPU.Build.0 = Release|Any CPU
		{BA138C2B-E3BB-4BF2-9138-570799B55A98}.Ad-Hoc|Any CPU.Deploy.0 = Release|Any CPU
		{BA138C2B-E3BB-4BF2-9138-570799B55A98}.Ad-Hoc|ARM.ActiveCfg = Release|Any CPU
		{BA138C2B-E3BB-4BF2-9138-570799B55A98}.Ad-Hoc|ARM.Build.0 = Release|Any CPU
		{BA138C2B-E3BB-4BF2-9138-570799B55A98}.Ad-Hoc|ARM.Deploy.0 = Release|Any CPU
		{BA138C2B-E3BB-4BF2-9138-570799B55A98}.Ad-Hoc|iPhone.ActiveCfg = Release|Any CPU
		{BA138C2B-E3BB-4BF2-9138-570799B55A98}.Ad-Hoc|iPhone.Build.0 = Release|Any CPU
		{BA138C2B-E3BB-4BF2-9138-570799B55A98}.Ad-Hoc|iPhone.Deploy.0 = Release|Any CPU
		{BA138C2B-E3BB-4BF2-9138-570799B55A98}.Ad-Hoc|iPhoneSimulator.ActiveCfg = Release|Any CPU
		{BA138C2B-E3BB-4BF2-9138-570799B55A98}.Ad-Hoc|iPhoneSimulator.Build.0 = Release|Any CPU
		{BA138C2B-E3BB-4BF2-9138-570799B55A98}.Ad-Hoc|iPhoneSimulator.Deploy.0 = Release|Any CPU
		{BA138C2B-E3BB-4BF2-9138-570799B55A98}.Ad-Hoc|x64.ActiveCfg = Release|Any CPU
		{BA138C2B-E3BB-4BF2-9138-570799B55A98}.Ad-Hoc|x64.Build.0 = Release|Any CPU
		{BA138C2B-E3BB-4BF2-9138-570799B55A98}.Ad-Hoc|x64.Deploy.0 = Release|Any CPU
		{BA138C2B-E3BB-4BF2-9138-570799B55A98}.Ad-Hoc|x86.ActiveCfg = Release|Any CPU
		{BA138C2B-E3BB-4BF2-9138-570799B55A98}.Ad-Hoc|x86.Build.0 = Release|Any CPU
		{BA138C2B-E3BB-4BF2-9138-570799B55A98}.Ad-Hoc|x86.Deploy.0 = Release|Any CPU
		{BA138C2B-E3BB-4BF2-9138-570799B55A98}.AppStore|Any CPU.ActiveCfg = Release|Any CPU
		{BA138C2B-E3BB-4BF2-9138-570799B55A98}.AppStore|Any CPU.Build.0 = Release|Any CPU
		{BA138C2B-E3BB-4BF2-9138-570799B55A98}.AppStore|Any CPU.Deploy.0 = Release|Any CPU
		{BA138C2B-E3BB-4BF2-9138-570799B55A98}.AppStore|ARM.ActiveCfg = Release|Any CPU
		{BA138C2B-E3BB-4BF2-9138-570799B55A98}.AppStore|ARM.Build.0 = Release|Any CPU
		{BA138C2B-E3BB-4BF2-9138-570799B55A98}.AppStore|ARM.Deploy.0 = Release|Any CPU
		{BA138C2B-E3BB-4BF2-9138-570799B55A98}.AppStore|iPhone.ActiveCfg = Release|Any CPU
		{BA138C2B-E3BB-4BF2-9138-570799B55A98}.AppStore|iPhone.Build.0 = Release|Any CPU
		{BA138C2B-E3BB-4BF2-9138-570799B55A98}.AppStore|iPhone.Deploy.0 = Release|Any CPU
		{BA138C2B-E3BB-4BF2-9138-570799B55A98}.AppStore|iPhoneSimulator.ActiveCfg = Release|Any CPU
		{BA138C2B-E3BB-4BF2-9138-570799B55A98}.AppStore|iPhoneSimulator.Build.0 = Release|Any CPU
		{BA138C2B-E3BB-4BF2-9138-570799B55A98}.AppStore|iPhoneSimulator.Deploy.0 = Release|Any CPU
		{BA138C2B-E3BB-4BF2-9138-570799B55A98}.AppStore|x64.ActiveCfg = Release|Any CPU
		{BA138C2B-E3BB-4BF2-9138-570799B55A98}.AppStore|x64.Build.0 = Release|Any CPU
		{BA138C2B-E3BB-4BF2-9138-570799B55A98}.AppStore|x64.Deploy.0 = Release|Any CPU
		{BA138C2B-E3BB-4BF2-9138-570799B55A98}.AppStore|x86.ActiveCfg = Release|Any CPU
		{BA138C2B-E3BB-4BF2-9138-570799B55A98}.AppStore|x86.Build.0 = Release|Any CPU
		{BA138C2B-E3BB-4BF2-9138-570799B55A98}.AppStore|x86.Deploy.0 = Release|Any CPU
		{BA138C2B-E3BB-4BF2-9138-570799B55A98}.Debug|Any CPU.ActiveCfg = Debug|Any CPU
		{BA138C2B-E3BB-4BF2-9138-570799B55A98}.Debug|Any CPU.Build.0 = Debug|Any CPU
		{BA138C2B-E3BB-4BF2-9138-570799B55A98}.Debug|Any CPU.Deploy.0 = Debug|Any CPU
		{BA138C2B-E3BB-4BF2-9138-570799B55A98}.Debug|ARM.ActiveCfg = Debug|Any CPU
		{BA138C2B-E3BB-4BF2-9138-570799B55A98}.Debug|ARM.Build.0 = Debug|Any CPU
		{BA138C2B-E3BB-4BF2-9138-570799B55A98}.Debug|ARM.Deploy.0 = Debug|Any CPU
		{BA138C2B-E3BB-4BF2-9138-570799B55A98}.Debug|iPhone.ActiveCfg = Debug|Any CPU
		{BA138C2B-E3BB-4BF2-9138-570799B55A98}.Debug|iPhone.Build.0 = Debug|Any CPU
		{BA138C2B-E3BB-4BF2-9138-570799B55A98}.Debug|iPhone.Deploy.0 = Debug|Any CPU
		{BA138C2B-E3BB-4BF2-9138-570799B55A98}.Debug|iPhoneSimulator.ActiveCfg = Debug|Any CPU
		{BA138C2B-E3BB-4BF2-9138-570799B55A98}.Debug|iPhoneSimulator.Build.0 = Debug|Any CPU
		{BA138C2B-E3BB-4BF2-9138-570799B55A98}.Debug|iPhoneSimulator.Deploy.0 = Debug|Any CPU
		{BA138C2B-E3BB-4BF2-9138-570799B55A98}.Debug|x64.ActiveCfg = Debug|Any CPU
		{BA138C2B-E3BB-4BF2-9138-570799B55A98}.Debug|x64.Build.0 = Debug|Any CPU
		{BA138C2B-E3BB-4BF2-9138-570799B55A98}.Debug|x64.Deploy.0 = Debug|Any CPU
		{BA138C2B-E3BB-4BF2-9138-570799B55A98}.Debug|x86.ActiveCfg = Debug|Any CPU
		{BA138C2B-E3BB-4BF2-9138-570799B55A98}.Debug|x86.Build.0 = Debug|Any CPU
		{BA138C2B-E3BB-4BF2-9138-570799B55A98}.Debug|x86.Deploy.0 = Debug|Any CPU
		{BA138C2B-E3BB-4BF2-9138-570799B55A98}.Release|Any CPU.ActiveCfg = Release|Any CPU
		{BA138C2B-E3BB-4BF2-9138-570799B55A98}.Release|Any CPU.Build.0 = Release|Any CPU
		{BA138C2B-E3BB-4BF2-9138-570799B55A98}.Release|Any CPU.Deploy.0 = Release|Any CPU
		{BA138C2B-E3BB-4BF2-9138-570799B55A98}.Release|ARM.ActiveCfg = Release|Any CPU
		{BA138C2B-E3BB-4BF2-9138-570799B55A98}.Release|ARM.Build.0 = Release|Any CPU
		{BA138C2B-E3BB-4BF2-9138-570799B55A98}.Release|ARM.Deploy.0 = Release|Any CPU
		{BA138C2B-E3BB-4BF2-9138-570799B55A98}.Release|iPhone.ActiveCfg = Release|Any CPU
		{BA138C2B-E3BB-4BF2-9138-570799B55A98}.Release|iPhone.Build.0 = Release|Any CPU
		{BA138C2B-E3BB-4BF2-9138-570799B55A98}.Release|iPhone.Deploy.0 = Release|Any CPU
		{BA138C2B-E3BB-4BF2-9138-570799B55A98}.Release|iPhoneSimulator.ActiveCfg = Release|Any CPU
		{BA138C2B-E3BB-4BF2-9138-570799B55A98}.Release|iPhoneSimulator.Build.0 = Release|Any CPU
		{BA138C2B-E3BB-4BF2-9138-570799B55A98}.Release|iPhoneSimulator.Deploy.0 = Release|Any CPU
		{BA138C2B-E3BB-4BF2-9138-570799B55A98}.Release|x64.ActiveCfg = Release|Any CPU
		{BA138C2B-E3BB-4BF2-9138-570799B55A98}.Release|x64.Build.0 = Release|Any CPU
		{BA138C2B-E3BB-4BF2-9138-570799B55A98}.Release|x64.Deploy.0 = Release|Any CPU
		{BA138C2B-E3BB-4BF2-9138-570799B55A98}.Release|x86.ActiveCfg = Release|Any CPU
		{BA138C2B-E3BB-4BF2-9138-570799B55A98}.Release|x86.Build.0 = Release|Any CPU
		{BA138C2B-E3BB-4BF2-9138-570799B55A98}.Release|x86.Deploy.0 = Release|Any CPU
		{D5FE04F0-2009-4C51-BD03-3595BF1209D9}.Ad-Hoc|Any CPU.ActiveCfg = Release|Any CPU
		{D5FE04F0-2009-4C51-BD03-3595BF1209D9}.Ad-Hoc|Any CPU.Build.0 = Release|Any CPU
		{D5FE04F0-2009-4C51-BD03-3595BF1209D9}.Ad-Hoc|ARM.ActiveCfg = Release|Any CPU
		{D5FE04F0-2009-4C51-BD03-3595BF1209D9}.Ad-Hoc|ARM.Build.0 = Release|Any CPU
		{D5FE04F0-2009-4C51-BD03-3595BF1209D9}.Ad-Hoc|iPhone.ActiveCfg = Release|Any CPU
		{D5FE04F0-2009-4C51-BD03-3595BF1209D9}.Ad-Hoc|iPhone.Build.0 = Release|Any CPU
		{D5FE04F0-2009-4C51-BD03-3595BF1209D9}.Ad-Hoc|iPhoneSimulator.ActiveCfg = Release|Any CPU
		{D5FE04F0-2009-4C51-BD03-3595BF1209D9}.Ad-Hoc|iPhoneSimulator.Build.0 = Release|Any CPU
		{D5FE04F0-2009-4C51-BD03-3595BF1209D9}.Ad-Hoc|x64.ActiveCfg = Release|Any CPU
		{D5FE04F0-2009-4C51-BD03-3595BF1209D9}.Ad-Hoc|x64.Build.0 = Release|Any CPU
		{D5FE04F0-2009-4C51-BD03-3595BF1209D9}.Ad-Hoc|x86.ActiveCfg = Release|Any CPU
		{D5FE04F0-2009-4C51-BD03-3595BF1209D9}.Ad-Hoc|x86.Build.0 = Release|Any CPU
		{D5FE04F0-2009-4C51-BD03-3595BF1209D9}.AppStore|Any CPU.ActiveCfg = Release|Any CPU
		{D5FE04F0-2009-4C51-BD03-3595BF1209D9}.AppStore|Any CPU.Build.0 = Release|Any CPU
		{D5FE04F0-2009-4C51-BD03-3595BF1209D9}.AppStore|ARM.ActiveCfg = Release|Any CPU
		{D5FE04F0-2009-4C51-BD03-3595BF1209D9}.AppStore|ARM.Build.0 = Release|Any CPU
		{D5FE04F0-2009-4C51-BD03-3595BF1209D9}.AppStore|iPhone.ActiveCfg = Release|Any CPU
		{D5FE04F0-2009-4C51-BD03-3595BF1209D9}.AppStore|iPhone.Build.0 = Release|Any CPU
		{D5FE04F0-2009-4C51-BD03-3595BF1209D9}.AppStore|iPhoneSimulator.ActiveCfg = Release|Any CPU
		{D5FE04F0-2009-4C51-BD03-3595BF1209D9}.AppStore|iPhoneSimulator.Build.0 = Release|Any CPU
		{D5FE04F0-2009-4C51-BD03-3595BF1209D9}.AppStore|x64.ActiveCfg = Release|Any CPU
		{D5FE04F0-2009-4C51-BD03-3595BF1209D9}.AppStore|x64.Build.0 = Release|Any CPU
		{D5FE04F0-2009-4C51-BD03-3595BF1209D9}.AppStore|x86.ActiveCfg = Release|Any CPU
		{D5FE04F0-2009-4C51-BD03-3595BF1209D9}.AppStore|x86.Build.0 = Release|Any CPU
		{D5FE04F0-2009-4C51-BD03-3595BF1209D9}.Debug|Any CPU.ActiveCfg = Debug|Any CPU
		{D5FE04F0-2009-4C51-BD03-3595BF1209D9}.Debug|Any CPU.Build.0 = Debug|Any CPU
		{D5FE04F0-2009-4C51-BD03-3595BF1209D9}.Debug|ARM.ActiveCfg = Debug|Any CPU
		{D5FE04F0-2009-4C51-BD03-3595BF1209D9}.Debug|ARM.Build.0 = Debug|Any CPU
		{D5FE04F0-2009-4C51-BD03-3595BF1209D9}.Debug|iPhone.ActiveCfg = Debug|Any CPU
		{D5FE04F0-2009-4C51-BD03-3595BF1209D9}.Debug|iPhone.Build.0 = Debug|Any CPU
		{D5FE04F0-2009-4C51-BD03-3595BF1209D9}.Debug|iPhoneSimulator.ActiveCfg = Debug|Any CPU
		{D5FE04F0-2009-4C51-BD03-3595BF1209D9}.Debug|iPhoneSimulator.Build.0 = Debug|Any CPU
		{D5FE04F0-2009-4C51-BD03-3595BF1209D9}.Debug|x64.ActiveCfg = Debug|Any CPU
		{D5FE04F0-2009-4C51-BD03-3595BF1209D9}.Debug|x64.Build.0 = Debug|Any CPU
		{D5FE04F0-2009-4C51-BD03-3595BF1209D9}.Debug|x86.ActiveCfg = Debug|Any CPU
		{D5FE04F0-2009-4C51-BD03-3595BF1209D9}.Debug|x86.Build.0 = Debug|Any CPU
		{D5FE04F0-2009-4C51-BD03-3595BF1209D9}.Release|Any CPU.ActiveCfg = Release|Any CPU
		{D5FE04F0-2009-4C51-BD03-3595BF1209D9}.Release|Any CPU.Build.0 = Release|Any CPU
		{D5FE04F0-2009-4C51-BD03-3595BF1209D9}.Release|ARM.ActiveCfg = Release|Any CPU
		{D5FE04F0-2009-4C51-BD03-3595BF1209D9}.Release|ARM.Build.0 = Release|Any CPU
		{D5FE04F0-2009-4C51-BD03-3595BF1209D9}.Release|iPhone.ActiveCfg = Release|Any CPU
		{D5FE04F0-2009-4C51-BD03-3595BF1209D9}.Release|iPhone.Build.0 = Release|Any CPU
		{D5FE04F0-2009-4C51-BD03-3595BF1209D9}.Release|iPhoneSimulator.ActiveCfg = Release|Any CPU
		{D5FE04F0-2009-4C51-BD03-3595BF1209D9}.Release|iPhoneSimulator.Build.0 = Release|Any CPU
		{D5FE04F0-2009-4C51-BD03-3595BF1209D9}.Release|x64.ActiveCfg = Release|Any CPU
		{D5FE04F0-2009-4C51-BD03-3595BF1209D9}.Release|x64.Build.0 = Release|Any CPU
		{D5FE04F0-2009-4C51-BD03-3595BF1209D9}.Release|x86.ActiveCfg = Release|Any CPU
		{D5FE04F0-2009-4C51-BD03-3595BF1209D9}.Release|x86.Build.0 = Release|Any CPU
		{5CCF5D57-F7CC-4B97-BC3A-991A0853F6B5}.Ad-Hoc|Any CPU.ActiveCfg = Release|x86
		{5CCF5D57-F7CC-4B97-BC3A-991A0853F6B5}.Ad-Hoc|Any CPU.Build.0 = Release|x86
		{5CCF5D57-F7CC-4B97-BC3A-991A0853F6B5}.Ad-Hoc|Any CPU.Deploy.0 = Release|x86
		{5CCF5D57-F7CC-4B97-BC3A-991A0853F6B5}.Ad-Hoc|ARM.ActiveCfg = Release|ARM
		{5CCF5D57-F7CC-4B97-BC3A-991A0853F6B5}.Ad-Hoc|ARM.Build.0 = Release|ARM
		{5CCF5D57-F7CC-4B97-BC3A-991A0853F6B5}.Ad-Hoc|ARM.Deploy.0 = Release|ARM
		{5CCF5D57-F7CC-4B97-BC3A-991A0853F6B5}.Ad-Hoc|iPhone.ActiveCfg = Release|x86
		{5CCF5D57-F7CC-4B97-BC3A-991A0853F6B5}.Ad-Hoc|iPhone.Build.0 = Release|x86
		{5CCF5D57-F7CC-4B97-BC3A-991A0853F6B5}.Ad-Hoc|iPhone.Deploy.0 = Release|x86
		{5CCF5D57-F7CC-4B97-BC3A-991A0853F6B5}.Ad-Hoc|iPhoneSimulator.ActiveCfg = Release|x86
		{5CCF5D57-F7CC-4B97-BC3A-991A0853F6B5}.Ad-Hoc|iPhoneSimulator.Build.0 = Release|x86
		{5CCF5D57-F7CC-4B97-BC3A-991A0853F6B5}.Ad-Hoc|iPhoneSimulator.Deploy.0 = Release|x86
		{5CCF5D57-F7CC-4B97-BC3A-991A0853F6B5}.Ad-Hoc|x64.ActiveCfg = Release|x64
		{5CCF5D57-F7CC-4B97-BC3A-991A0853F6B5}.Ad-Hoc|x64.Build.0 = Release|x64
		{5CCF5D57-F7CC-4B97-BC3A-991A0853F6B5}.Ad-Hoc|x64.Deploy.0 = Release|x64
		{5CCF5D57-F7CC-4B97-BC3A-991A0853F6B5}.Ad-Hoc|x86.ActiveCfg = Release|x86
		{5CCF5D57-F7CC-4B97-BC3A-991A0853F6B5}.Ad-Hoc|x86.Build.0 = Release|x86
		{5CCF5D57-F7CC-4B97-BC3A-991A0853F6B5}.Ad-Hoc|x86.Deploy.0 = Release|x86
		{5CCF5D57-F7CC-4B97-BC3A-991A0853F6B5}.AppStore|Any CPU.ActiveCfg = Release|x86
		{5CCF5D57-F7CC-4B97-BC3A-991A0853F6B5}.AppStore|Any CPU.Build.0 = Release|x86
		{5CCF5D57-F7CC-4B97-BC3A-991A0853F6B5}.AppStore|Any CPU.Deploy.0 = Release|x86
		{5CCF5D57-F7CC-4B97-BC3A-991A0853F6B5}.AppStore|ARM.ActiveCfg = Release|ARM
		{5CCF5D57-F7CC-4B97-BC3A-991A0853F6B5}.AppStore|ARM.Build.0 = Release|ARM
		{5CCF5D57-F7CC-4B97-BC3A-991A0853F6B5}.AppStore|ARM.Deploy.0 = Release|ARM
		{5CCF5D57-F7CC-4B97-BC3A-991A0853F6B5}.AppStore|iPhone.ActiveCfg = Release|x86
		{5CCF5D57-F7CC-4B97-BC3A-991A0853F6B5}.AppStore|iPhone.Build.0 = Release|x86
		{5CCF5D57-F7CC-4B97-BC3A-991A0853F6B5}.AppStore|iPhone.Deploy.0 = Release|x86
		{5CCF5D57-F7CC-4B97-BC3A-991A0853F6B5}.AppStore|iPhoneSimulator.ActiveCfg = Release|x86
		{5CCF5D57-F7CC-4B97-BC3A-991A0853F6B5}.AppStore|iPhoneSimulator.Build.0 = Release|x86
		{5CCF5D57-F7CC-4B97-BC3A-991A0853F6B5}.AppStore|iPhoneSimulator.Deploy.0 = Release|x86
		{5CCF5D57-F7CC-4B97-BC3A-991A0853F6B5}.AppStore|x64.ActiveCfg = Release|x64
		{5CCF5D57-F7CC-4B97-BC3A-991A0853F6B5}.AppStore|x64.Build.0 = Release|x64
		{5CCF5D57-F7CC-4B97-BC3A-991A0853F6B5}.AppStore|x64.Deploy.0 = Release|x64
		{5CCF5D57-F7CC-4B97-BC3A-991A0853F6B5}.AppStore|x86.ActiveCfg = Release|x86
		{5CCF5D57-F7CC-4B97-BC3A-991A0853F6B5}.AppStore|x86.Build.0 = Release|x86
		{5CCF5D57-F7CC-4B97-BC3A-991A0853F6B5}.AppStore|x86.Deploy.0 = Release|x86
		{5CCF5D57-F7CC-4B97-BC3A-991A0853F6B5}.Debug|Any CPU.ActiveCfg = Debug|x86
		{5CCF5D57-F7CC-4B97-BC3A-991A0853F6B5}.Debug|ARM.ActiveCfg = Debug|ARM
		{5CCF5D57-F7CC-4B97-BC3A-991A0853F6B5}.Debug|ARM.Build.0 = Debug|ARM
		{5CCF5D57-F7CC-4B97-BC3A-991A0853F6B5}.Debug|ARM.Deploy.0 = Debug|ARM
		{5CCF5D57-F7CC-4B97-BC3A-991A0853F6B5}.Debug|iPhone.ActiveCfg = Debug|x86
		{5CCF5D57-F7CC-4B97-BC3A-991A0853F6B5}.Debug|iPhoneSimulator.ActiveCfg = Debug|x86
		{5CCF5D57-F7CC-4B97-BC3A-991A0853F6B5}.Debug|x64.ActiveCfg = Debug|x64
		{5CCF5D57-F7CC-4B97-BC3A-991A0853F6B5}.Debug|x64.Build.0 = Debug|x64
		{5CCF5D57-F7CC-4B97-BC3A-991A0853F6B5}.Debug|x64.Deploy.0 = Debug|x64
		{5CCF5D57-F7CC-4B97-BC3A-991A0853F6B5}.Debug|x86.ActiveCfg = Debug|x86
		{5CCF5D57-F7CC-4B97-BC3A-991A0853F6B5}.Debug|x86.Build.0 = Debug|x86
		{5CCF5D57-F7CC-4B97-BC3A-991A0853F6B5}.Debug|x86.Deploy.0 = Debug|x86
		{5CCF5D57-F7CC-4B97-BC3A-991A0853F6B5}.Release|Any CPU.ActiveCfg = Release|x86
		{5CCF5D57-F7CC-4B97-BC3A-991A0853F6B5}.Release|ARM.ActiveCfg = Release|ARM
		{5CCF5D57-F7CC-4B97-BC3A-991A0853F6B5}.Release|ARM.Build.0 = Release|ARM
		{5CCF5D57-F7CC-4B97-BC3A-991A0853F6B5}.Release|ARM.Deploy.0 = Release|ARM
		{5CCF5D57-F7CC-4B97-BC3A-991A0853F6B5}.Release|iPhone.ActiveCfg = Release|x86
		{5CCF5D57-F7CC-4B97-BC3A-991A0853F6B5}.Release|iPhoneSimulator.ActiveCfg = Release|x86
		{5CCF5D57-F7CC-4B97-BC3A-991A0853F6B5}.Release|x64.ActiveCfg = Release|x64
		{5CCF5D57-F7CC-4B97-BC3A-991A0853F6B5}.Release|x64.Build.0 = Release|x64
		{5CCF5D57-F7CC-4B97-BC3A-991A0853F6B5}.Release|x64.Deploy.0 = Release|x64
		{5CCF5D57-F7CC-4B97-BC3A-991A0853F6B5}.Release|x86.ActiveCfg = Release|x86
		{5CCF5D57-F7CC-4B97-BC3A-991A0853F6B5}.Release|x86.Build.0 = Release|x86
		{5CCF5D57-F7CC-4B97-BC3A-991A0853F6B5}.Release|x86.Deploy.0 = Release|x86
		{B59BF4C0-9280-4679-BBB6-4F56CD4A5E61}.Ad-Hoc|Any CPU.ActiveCfg = Ad-Hoc|iPhone
		{B59BF4C0-9280-4679-BBB6-4F56CD4A5E61}.Ad-Hoc|ARM.ActiveCfg = Ad-Hoc|iPhone
		{B59BF4C0-9280-4679-BBB6-4F56CD4A5E61}.Ad-Hoc|iPhone.ActiveCfg = Ad-Hoc|iPhone
		{B59BF4C0-9280-4679-BBB6-4F56CD4A5E61}.Ad-Hoc|iPhone.Build.0 = Ad-Hoc|iPhone
		{B59BF4C0-9280-4679-BBB6-4F56CD4A5E61}.Ad-Hoc|iPhoneSimulator.ActiveCfg = Ad-Hoc|iPhoneSimulator
		{B59BF4C0-9280-4679-BBB6-4F56CD4A5E61}.Ad-Hoc|iPhoneSimulator.Build.0 = Ad-Hoc|iPhoneSimulator
		{B59BF4C0-9280-4679-BBB6-4F56CD4A5E61}.Ad-Hoc|x64.ActiveCfg = Ad-Hoc|iPhone
		{B59BF4C0-9280-4679-BBB6-4F56CD4A5E61}.Ad-Hoc|x86.ActiveCfg = Ad-Hoc|iPhone
		{B59BF4C0-9280-4679-BBB6-4F56CD4A5E61}.AppStore|Any CPU.ActiveCfg = AppStore|iPhone
		{B59BF4C0-9280-4679-BBB6-4F56CD4A5E61}.AppStore|ARM.ActiveCfg = AppStore|iPhone
		{B59BF4C0-9280-4679-BBB6-4F56CD4A5E61}.AppStore|iPhone.ActiveCfg = AppStore|iPhone
		{B59BF4C0-9280-4679-BBB6-4F56CD4A5E61}.AppStore|iPhone.Build.0 = AppStore|iPhone
		{B59BF4C0-9280-4679-BBB6-4F56CD4A5E61}.AppStore|iPhoneSimulator.ActiveCfg = AppStore|iPhoneSimulator
		{B59BF4C0-9280-4679-BBB6-4F56CD4A5E61}.AppStore|iPhoneSimulator.Build.0 = AppStore|iPhoneSimulator
		{B59BF4C0-9280-4679-BBB6-4F56CD4A5E61}.AppStore|x64.ActiveCfg = AppStore|iPhone
		{B59BF4C0-9280-4679-BBB6-4F56CD4A5E61}.AppStore|x86.ActiveCfg = AppStore|iPhone
		{B59BF4C0-9280-4679-BBB6-4F56CD4A5E61}.Debug|Any CPU.ActiveCfg = Debug|iPhone
		{B59BF4C0-9280-4679-BBB6-4F56CD4A5E61}.Debug|ARM.ActiveCfg = Debug|iPhone
		{B59BF4C0-9280-4679-BBB6-4F56CD4A5E61}.Debug|iPhone.ActiveCfg = Debug|iPhone
		{B59BF4C0-9280-4679-BBB6-4F56CD4A5E61}.Debug|iPhone.Build.0 = Debug|iPhone
		{B59BF4C0-9280-4679-BBB6-4F56CD4A5E61}.Debug|iPhoneSimulator.ActiveCfg = Debug|iPhoneSimulator
		{B59BF4C0-9280-4679-BBB6-4F56CD4A5E61}.Debug|iPhoneSimulator.Build.0 = Debug|iPhoneSimulator
		{B59BF4C0-9280-4679-BBB6-4F56CD4A5E61}.Debug|x64.ActiveCfg = Debug|iPhone
		{B59BF4C0-9280-4679-BBB6-4F56CD4A5E61}.Debug|x86.ActiveCfg = Debug|iPhone
		{B59BF4C0-9280-4679-BBB6-4F56CD4A5E61}.Release|Any CPU.ActiveCfg = Release|iPhone
		{B59BF4C0-9280-4679-BBB6-4F56CD4A5E61}.Release|ARM.ActiveCfg = Release|iPhone
		{B59BF4C0-9280-4679-BBB6-4F56CD4A5E61}.Release|iPhone.ActiveCfg = Release|iPhone
		{B59BF4C0-9280-4679-BBB6-4F56CD4A5E61}.Release|iPhone.Build.0 = Release|iPhone
		{B59BF4C0-9280-4679-BBB6-4F56CD4A5E61}.Release|iPhoneSimulator.ActiveCfg = Release|iPhoneSimulator
		{B59BF4C0-9280-4679-BBB6-4F56CD4A5E61}.Release|iPhoneSimulator.Build.0 = Release|iPhoneSimulator
		{B59BF4C0-9280-4679-BBB6-4F56CD4A5E61}.Release|x64.ActiveCfg = Release|iPhone
		{B59BF4C0-9280-4679-BBB6-4F56CD4A5E61}.Release|x86.ActiveCfg = Release|iPhone
	EndGlobalSection
	GlobalSection(SolutionProperties) = preSolution
		HideSolutionNode = FALSE
	EndGlobalSection
EndGlobal
